
Microsoft Visual Studio Solution File, Format Version 12.00
Project("{FAE04EC0-301F-11D3-BF4B-00C04F79EFBC}") = "SolutionOrdersAPI", "SolutionOrdersAPI\SolutionOrdersAPI.csproj", "{0E74419F-213F-4CCA-ACE0-6ABEECC9AD73}"
EndProject
Global
	GlobalSection(SolutionConfigurationPlatforms) = preSolution
		Debug|Any CPU = Debug|Any CPU
		Release|Any CPU = Release|Any CPU
	EndGlobalSection
	GlobalSection(ProjectConfigurationPlatforms) = postSolution
		{0E74419F-213F-4CCA-ACE0-6ABEECC9AD73}.Debug|Any CPU.ActiveCfg = Debug|Any CPU
		{0E74419F-213F-4CCA-ACE0-6ABEECC9AD73}.Debug|Any CPU.Build.0 = Debug|Any CPU
		{0E74419F-213F-4CCA-ACE0-6ABEECC9AD73}.Release|Any CPU.ActiveCfg = Release|Any CPU
		{0E74419F-213F-4CCA-ACE0-6ABEECC9AD73}.Release|Any CPU.Build.0 = Release|Any CPU
	EndGlobalSection
EndGlobal
